// !$*UTF8*$!
{
	archiveVersion = 1;
	classes = {
	};
	objectVersion = 46;
	objects = {

/* Begin PBXBuildFile section */
		0774F8F01AD86D2100FEF703 /* SoundsViewController.swift in Sources */ = {isa = PBXBuildFile; fileRef = 0774F8EF1AD86D2100FEF703 /* SoundsViewController.swift */; };
		0774F8F41AD8708700FEF703 /* movie_quote.mp3 in Resources */ = {isa = PBXBuildFile; fileRef = 0774F8F31AD8708700FEF703 /* movie_quote.mp3 */; };
		0774F8F61AD88B5E00FEF703 /* RecordedAudio.swift in Sources */ = {isa = PBXBuildFile; fileRef = 0774F8F51AD88B5E00FEF703 /* RecordedAudio.swift */; };
		07F9D3961AD3C89300CEFE3B /* AppDelegate.swift in Sources */ = {isa = PBXBuildFile; fileRef = 07F9D3951AD3C89300CEFE3B /* AppDelegate.swift */; };
		07F9D3981AD3C89300CEFE3B /* RecordSoundsViewController.swift in Sources */ = {isa = PBXBuildFile; fileRef = 07F9D3971AD3C89300CEFE3B /* RecordSoundsViewController.swift */; };
		07F9D39B1AD3C89300CEFE3B /* Main.storyboard in Resources */ = {isa = PBXBuildFile; fileRef = 07F9D3991AD3C89300CEFE3B /* Main.storyboard */; };
		07F9D39D1AD3C89300CEFE3B /* Images.xcassets in Resources */ = {isa = PBXBuildFile; fileRef = 07F9D39C1AD3C89300CEFE3B /* Images.xcassets */; };
		07F9D3A01AD3C89300CEFE3B /* LaunchScreen.xib in Resources */ = {isa = PBXBuildFile; fileRef = 07F9D39E1AD3C89300CEFE3B /* LaunchScreen.xib */; };
		07F9D3AC1AD3C89300CEFE3B /* RecordTests.swift in Sources */ = {isa = PBXBuildFile; fileRef = 07F9D3AB1AD3C89300CEFE3B /* RecordTests.swift */; };
/* End PBXBuildFile section */

/* Begin PBXContainerItemProxy section */
		07F9D3A61AD3C89300CEFE3B /* PBXContainerItemProxy */ = {
			isa = PBXContainerItemProxy;
			containerPortal = 07F9D3881AD3C89300CEFE3B /* Project object */;
			proxyType = 1;
			remoteGlobalIDString = 07F9D38F1AD3C89300CEFE3B;
			remoteInfo = Record;
		};
/* End PBXContainerItemProxy section */

/* Begin PBXFileReference section */
		0774F8EF1AD86D2100FEF703 /* SoundsViewController.swift */ = {isa = PBXFileReference; fileEncoding = 4; lastKnownFileType = sourcecode.swift; path = SoundsViewController.swift; sourceTree = "<group>"; };
		0774F8F31AD8708700FEF703 /* movie_quote.mp3 */ = {isa = PBXFileReference; lastKnownFileType = audio.mp3; path = movie_quote.mp3; sourceTree = "<group>"; };
		0774F8F51AD88B5E00FEF703 /* RecordedAudio.swift */ = {isa = PBXFileReference; fileEncoding = 4; lastKnownFileType = sourcecode.swift; path = RecordedAudio.swift; sourceTree = "<group>"; };
		07F9D3901AD3C89300CEFE3B /* Record.app */ = {isa = PBXFileReference; explicitFileType = wrapper.application; includeInIndex = 0; path = Record.app; sourceTree = BUILT_PRODUCTS_DIR; };
		07F9D3941AD3C89300CEFE3B /* Info.plist */ = {isa = PBXFileReference; lastKnownFileType = text.plist.xml; path = Info.plist; sourceTree = "<group>"; };
		07F9D3951AD3C89300CEFE3B /* AppDelegate.swift */ = {isa = PBXFileReference; lastKnownFileType = sourcecode.swift; path = AppDelegate.swift; sourceTree = "<group>"; };
		07F9D3971AD3C89300CEFE3B /* RecordSoundsViewController.swift */ = {isa = PBXFileReference; lastKnownFileType = sourcecode.swift; path = RecordSoundsViewController.swift; sourceTree = "<group>"; };
		07F9D39A1AD3C89300CEFE3B /* Base */ = {isa = PBXFileReference; lastKnownFileType = file.storyboard; name = Base; path = Base.lproj/Main.storyboard; sourceTree = "<group>"; };
		07F9D39C1AD3C89300CEFE3B /* Images.xcassets */ = {isa = PBXFileReference; lastKnownFileType = folder.assetcatalog; path = Images.xcassets; sourceTree = "<group>"; };
		07F9D39F1AD3C89300CEFE3B /* Base */ = {isa = PBXFileReference; lastKnownFileType = file.xib; name = Base; path = Base.lproj/LaunchScreen.xib; sourceTree = "<group>"; };
		07F9D3A51AD3C89300CEFE3B /* RecordTests.xctest */ = {isa = PBXFileReference; explicitFileType = wrapper.cfbundle; includeInIndex = 0; path = RecordTests.xctest; sourceTree = BUILT_PRODUCTS_DIR; };
		07F9D3AA1AD3C89300CEFE3B /* Info.plist */ = {isa = PBXFileReference; lastKnownFileType = text.plist.xml; path = Info.plist; sourceTree = "<group>"; };
		07F9D3AB1AD3C89300CEFE3B /* RecordTests.swift */ = {isa = PBXFileReference; lastKnownFileType = sourcecode.swift; path = RecordTests.swift; sourceTree = "<group>"; };
/* End PBXFileReference section */

/* Begin PBXFrameworksBuildPhase section */
		07F9D38D1AD3C89300CEFE3B /* Frameworks */ = {
			isa = PBXFrameworksBuildPhase;
			buildActionMask = 2147483647;
			files = (
			);
			runOnlyForDeploymentPostprocessing = 0;
		};
		07F9D3A21AD3C89300CEFE3B /* Frameworks */ = {
			isa = PBXFrameworksBuildPhase;
			buildActionMask = 2147483647;
			files = (
			);
			runOnlyForDeploymentPostprocessing = 0;
		};
/* End PBXFrameworksBuildPhase section */

/* Begin PBXGroup section */
		07F9D3871AD3C89300CEFE3B = {
			isa = PBXGroup;
			children = (
				0774F8F51AD88B5E00FEF703 /* RecordedAudio.swift */,
				07F9D3921AD3C89300CEFE3B /* Record */,
				07F9D3A81AD3C89300CEFE3B /* RecordTests */,
				07F9D3911AD3C89300CEFE3B /* Products */,
			);
			sourceTree = "<group>";
		};
		07F9D3911AD3C89300CEFE3B /* Products */ = {
			isa = PBXGroup;
			children = (
				07F9D3901AD3C89300CEFE3B /* Record.app */,
				07F9D3A51AD3C89300CEFE3B /* RecordTests.xctest */,
			);
			name = Products;
			sourceTree = "<group>";
		};
		07F9D3921AD3C89300CEFE3B /* Record */ = {
			isa = PBXGroup;
			children = (
				07F9D3951AD3C89300CEFE3B /* AppDelegate.swift */,
				07F9D3971AD3C89300CEFE3B /* RecordSoundsViewController.swift */,
				07F9D3991AD3C89300CEFE3B /* Main.storyboard */,
				0774F8EF1AD86D2100FEF703 /* SoundsViewController.swift */,
				07F9D39C1AD3C89300CEFE3B /* Images.xcassets */,
				07F9D39E1AD3C89300CEFE3B /* LaunchScreen.xib */,
				07F9D3931AD3C89300CEFE3B /* Supporting Files */,
			);
			path = Record;
			sourceTree = "<group>";
		};
		07F9D3931AD3C89300CEFE3B /* Supporting Files */ = {
			isa = PBXGroup;
			children = (
				0774F8F31AD8708700FEF703 /* movie_quote.mp3 */,
				07F9D3941AD3C89300CEFE3B /* Info.plist */,
			);
			name = "Supporting Files";
			sourceTree = "<group>";
		};
		07F9D3A81AD3C89300CEFE3B /* RecordTests */ = {
			isa = PBXGroup;
			children = (
				07F9D3AB1AD3C89300CEFE3B /* RecordTests.swift */,
				07F9D3A91AD3C89300CEFE3B /* Supporting Files */,
			);
			path = RecordTests;
			sourceTree = "<group>";
		};
		07F9D3A91AD3C89300CEFE3B /* Supporting Files */ = {
			isa = PBXGroup;
			children = (
				07F9D3AA1AD3C89300CEFE3B /* Info.plist */,
			);
			name = "Supporting Files";
			sourceTree = "<group>";
		};
/* End PBXGroup section */

/* Begin PBXNativeTarget section */
		07F9D38F1AD3C89300CEFE3B /* Record */ = {
			isa = PBXNativeTarget;
			buildConfigurationList = 07F9D3AF1AD3C89300CEFE3B /* Build configuration list for PBXNativeTarget "Record" */;
			buildPhases = (
				07F9D38C1AD3C89300CEFE3B /* Sources */,
				07F9D38D1AD3C89300CEFE3B /* Frameworks */,
				07F9D38E1AD3C89300CEFE3B /* Resources */,
			);
			buildRules = (
			);
			dependencies = (
			);
			name = Record;
			productName = Record;
			productReference = 07F9D3901AD3C89300CEFE3B /* Record.app */;
			productType = "com.apple.product-type.application";
		};
		07F9D3A41AD3C89300CEFE3B /* RecordTests */ = {
			isa = PBXNativeTarget;
			buildConfigurationList = 07F9D3B21AD3C89300CEFE3B /* Build configuration list for PBXNativeTarget "RecordTests" */;
			buildPhases = (
				07F9D3A11AD3C89300CEFE3B /* Sources */,
				07F9D3A21AD3C89300CEFE3B /* Frameworks */,
				07F9D3A31AD3C89300CEFE3B /* Resources */,
			);
			buildRules = (
			);
			dependencies = (
				07F9D3A71AD3C89300CEFE3B /* PBXTargetDependency */,
			);
			name = RecordTests;
			productName = RecordTests;
			productReference = 07F9D3A51AD3C89300CEFE3B /* RecordTests.xctest */;
			productType = "com.apple.product-type.bundle.unit-test";
		};
/* End PBXNativeTarget section */

/* Begin PBXProject section */
		07F9D3881AD3C89300CEFE3B /* Project object */ = {
			isa = PBXProject;
			attributes = {
				LastUpgradeCheck = 0620;
				ORGANIZATIONNAME = "Omar Basrawi";
				TargetAttributes = {
					07F9D38F1AD3C89300CEFE3B = {
						CreatedOnToolsVersion = 6.2;
					};
					07F9D3A41AD3C89300CEFE3B = {
						CreatedOnToolsVersion = 6.2;
						TestTargetID = 07F9D38F1AD3C89300CEFE3B;
					};
				};
			};
			buildConfigurationList = 07F9D38B1AD3C89300CEFE3B /* Build configuration list for PBXProject "Record" */;
			compatibilityVersion = "Xcode 3.2";
			developmentRegion = English;
			hasScannedForEncodings = 0;
			knownRegions = (
				en,
				Base,
			);
			mainGroup = 07F9D3871AD3C89300CEFE3B;
			productRefGroup = 07F9D3911AD3C89300CEFE3B /* Products */;
			projectDirPath = "";
			projectRoot = "";
			targets = (
				07F9D38F1AD3C89300CEFE3B /* Record */,
				07F9D3A41AD3C89300CEFE3B /* RecordTests */,
			);
		};
/* End PBXProject section */

/* Begin PBXResourcesBuildPhase section */
		07F9D38E1AD3C89300CEFE3B /* Resources */ = {
			isa = PBXResourcesBuildPhase;
			buildActionMask = 2147483647;
			files = (
				07F9D39B1AD3C89300CEFE3B /* Main.storyboard in Resources */,
				07F9D3A01AD3C89300CEFE3B /* LaunchScreen.xib in Resources */,
				0774F8F41AD8708700FEF703 /* movie_quote.mp3 in Resources */,
				07F9D39D1AD3C89300CEFE3B /* Images.xcassets in Resources */,
			);
			runOnlyForDeploymentPostprocessing = 0;
		};
		07F9D3A31AD3C89300CEFE3B /* Resources */ = {
			isa = PBXResourcesBuildPhase;
			buildActionMask = 2147483647;
			files = (
			);
			runOnlyForDeploymentPostprocessing = 0;
		};
/* End PBXResourcesBuildPhase section */

/* Begin PBXSourcesBuildPhase section */
		07F9D38C1AD3C89300CEFE3B /* Sources */ = {
			isa = PBXSourcesBuildPhase;
			buildActionMask = 2147483647;
			files = (
				0774F8F61AD88B5E00FEF703 /* RecordedAudio.swift in Sources */,
				07F9D3981AD3C89300CEFE3B /* RecordSoundsViewController.swift in Sources */,
				07F9D3961AD3C89300CEFE3B /* AppDelegate.swift in Sources */,
				0774F8F01AD86D2100FEF703 /* SoundsViewController.swift in Sources */,
			);
			runOnlyForDeploymentPostprocessing = 0;
		};
		07F9D3A11AD3C89300CEFE3B /* Sources */ = {
			isa = PBXSourcesBuildPhase;
			buildActionMask = 2147483647;
			files = (
				07F9D3AC1AD3C89300CEFE3B /* RecordTests.swift in Sources */,
			);
			runOnlyForDeploymentPostprocessing = 0;
		};
/* End PBXSourcesBuildPhase section */

/* Begin PBXTargetDependency section */
		07F9D3A71AD3C89300CEFE3B /* PBXTargetDependency */ = {
			isa = PBXTargetDependency;
			target = 07F9D38F1AD3C89300CEFE3B /* Record */;
			targetProxy = 07F9D3A61AD3C89300CEFE3B /* PBXContainerItemProxy */;
		};
/* End PBXTargetDependency section */

/* Begin PBXVariantGroup section */
		07F9D3991AD3C89300CEFE3B /* Main.storyboard */ = {
			isa = PBXVariantGroup;
			children = (
				07F9D39A1AD3C89300CEFE3B /* Base */,
			);
			name = Main.storyboard;
			sourceTree = "<group>";
		};
		07F9D39E1AD3C89300CEFE3B /* LaunchScreen.xib */ = {
			isa = PBXVariantGroup;
			children = (
				07F9D39F1AD3C89300CEFE3B /* Base */,
			);
			name = LaunchScreen.xib;
			sourceTree = "<group>";
		};
/* End PBXVariantGroup section */

/* Begin XCBuildConfiguration section */
		07F9D3AD1AD3C89300CEFE3B /* Debug */ = {
			isa = XCBuildConfiguration;
			buildSettings = {
				ALWAYS_SEARCH_USER_PATHS = NO;
				CLANG_CXX_LANGUAGE_STANDARD = "gnu++0x";
				CLANG_CXX_LIBRARY = "libc++";
				CLANG_ENABLE_MODULES = YES;
				CLANG_ENABLE_OBJC_ARC = YES;
				CLANG_WARN_BOOL_CONVERSION = YES;
				CLANG_WARN_CONSTANT_CONVERSION = YES;
				CLANG_WARN_DIRECT_OBJC_ISA_USAGE = YES_ERROR;
				CLANG_WARN_EMPTY_BODY = YES;
				CLANG_WARN_ENUM_CONVERSION = YES;
				CLANG_WARN_INT_CONVERSION = YES;
				CLANG_WARN_OBJC_ROOT_CLASS = YES_ERROR;
				CLANG_WARN_UNREACHABLE_CODE = YES;
				CLANG_WARN__DUPLICATE_METHOD_MATCH = YES;
				"CODE_SIGN_IDENTITY[sdk=iphoneos*]" = "iPhone Developer";
				COPY_PHASE_STRIP = NO;
				ENABLE_STRICT_OBJC_MSGSEND = YES;
				GCC_C_LANGUAGE_STANDARD = gnu99;
				GCC_DYNAMIC_NO_PIC = NO;
				GCC_OPTIMIZATION_LEVEL = 0;
				GCC_PREPROCESSOR_DEFINITIONS = (
					"DEBUG=1",
					"$(inherited)",
				);
				GCC_SYMBOLS_PRIVATE_EXTERN = NO;
				GCC_WARN_64_TO_32_BIT_CONVERSION = YES;
				GCC_WARN_ABOUT_RETURN_TYPE = YES_ERROR;
				GCC_WARN_UNDECLARED_SELECTOR = YES;
				GCC_WARN_UNINITIALIZED_AUTOS = YES_AGGRESSIVE;
				GCC_WARN_UNUSED_FUNCTION = YES;
				GCC_WARN_UNUSED_VARIABLE = YES;
				IPHONEOS_DEPLOYMENT_TARGET = 8.2;
				MTL_ENABLE_DEBUG_INFO = YES;
				ONLY_ACTIVE_ARCH = YES;
				SDKROOT = iphoneos;
				SWIFT_OPTIMIZATION_LEVEL = "-Onone";
			};
			name = Debug;
		};
		07F9D3AE1AD3C89300CEFE3B /* Release */ = {
			isa = XCBuildConfiguration;
			buildSettings = {
				ALWAYS_SEARCH_USER_PATHS = NO;
				CLANG_CXX_LANGUAGE_STANDARD = "gnu++0x";
				CLANG_CXX_LIBRARY = "libc++";
				CLANG_ENABLE_MODULES = YES;
				CLANG_ENABLE_OBJC_ARC = YES;
				CLANG_WARN_BOOL_CONVERSION = YES;
				CLANG_WARN_CONSTANT_CONVERSION = YES;
				CLANG_WARN_DIRECT_OBJC_ISA_USAGE = YES_ERROR;
				CLANG_WARN_EMPTY_BODY = YES;
				CLANG_WARN_ENUM_CONVERSION = YES;
				CLANG_WARN_INT_CONVERSION = YES;
				CLANG_WARN_OBJC_ROOT_CLASS = YES_ERROR;
				CLANG_WARN_UNREACHABLE_CODE = YES;
				CLANG_WARN__DUPLICATE_METHOD_MATCH = YES;
				"CODE_SIGN_IDENTITY[sdk=iphoneos*]" = "iPhone Developer";
				COPY_PHASE_STRIP = NO;
				ENABLE_NS_ASSERTIONS = NO;
				ENABLE_STRICT_OBJC_MSGSEND = YES;
				GCC_C_LANGUAGE_STANDARD = gnu99;
				GCC_WARN_64_TO_32_BIT_CONVERSION = YES;
				GCC_WARN_ABOUT_RETURN_TYPE = YES_ERROR;
				GCC_WARN_UNDECLARED_SELECTOR = YES;
				GCC_WARN_UNINITIALIZED_AUTOS = YES_AGGRESSIVE;
				GCC_WARN_UNUSED_FUNCTION = YES;
				GCC_WARN_UNUSED_VARIABLE = YES;
				IPHONEOS_DEPLOYMENT_TARGET = 8.2;
				MTL_ENABLE_DEBUG_INFO = NO;
				SDKROOT = iphoneos;
				VALIDATE_PRODUCT = YES;
			};
			name = Release;
		};
		07F9D3B01AD3C89300CEFE3B /* Debug */ = {
			isa = XCBuildConfiguration;
			buildSettings = {
				ASSETCATALOG_COMPILER_APPICON_NAME = AppIcon;
				INFOPLIST_FILE = Record/Info.plist;
				LD_RUNPATH_SEARCH_PATHS = "$(inherited) @executable_path/Frameworks";
				PRODUCT_NAME = "$(TARGET_NAME)";
			};
			name = Debug;
		};
		07F9D3B11AD3C89300CEFE3B /* Release */ = {
			isa = XCBuildConfiguration;
			buildSettings = {
				ASSETCATALOG_COMPILER_APPICON_NAME = AppIcon;
				INFOPLIST_FILE = Record/Info.plist;
				LD_RUNPATH_SEARCH_PATHS = "$(inherited) @executable_path/Frameworks";
				PRODUCT_NAME = "$(TARGET_NAME)";
			};
			name = Release;
		};
		07F9D3B31AD3C89300CEFE3B /* Debug */ = {
			isa = XCBuildConfiguration;
			buildSettings = {
				BUNDLE_LOADER = "$(TEST_HOST)";
				FRAMEWORK_SEARCH_PATHS = (
					"$(SDKROOT)/Developer/Library/Frameworks",
					"$(inherited)",
				);
				GCC_PREPROCESSOR_DEFINITIONS = (
					"DEBUG=1",
					"$(inherited)",
				);
				INFOPLIST_FILE = RecordTests/Info.plist;
				LD_RUNPATH_SEARCH_PATHS = "$(inherited) @executable_path/Frameworks @loader_path/Frameworks";
				PRODUCT_NAME = "$(TARGET_NAME)";
				TEST_HOST = "$(BUILT_PRODUCTS_DIR)/Record.app/Record";
			};
			name = Debug;
		};
		07F9D3B41AD3C89300CEFE3B /* Release */ = {
			isa = XCBuildConfiguration;
			buildSettings = {
				BUNDLE_LOADER = "$(TEST_HOST)";
				FRAMEWORK_SEARCH_PATHS = (
					"$(SDKROOT)/Developer/Library/Frameworks",
					"$(inherited)",
				);
				INFOPLIST_FILE = RecordTests/Info.plist;
				LD_RUNPATH_SEARCH_PATHS = "$(inherited) @executable_path/Frameworks @loader_path/Frameworks";
				PRODUCT_NAME = "$(TARGET_NAME)";
				TEST_HOST = "$(BUILT_PRODUCTS_DIR)/Record.app/Record";
			};
			name = Release;
		};
/* End XCBuildConfiguration section */

/* Begin XCConfigurationList section */
		07F9D38B1AD3C89300CEFE3B /* Build configuration list for PBXProject "Record" */ = {
			isa = XCConfigurationList;
			buildConfigurations = (
				07F9D3AD1AD3C89300CEFE3B /* Debug */,
				07F9D3AE1AD3C89300CEFE3B /* Release */,
			);
			defaultConfigurationIsVisible = 0;
			defaultConfigurationName = Release;
		};
		07F9D3AF1AD3C89300CEFE3B /* Build configuration list for PBXNativeTarget "Record" */ = {
			isa = XCConfigurationList;
			buildConfigurations = (
				07F9D3B01AD3C89300CEFE3B /* Debug */,
				07F9D3B11AD3C89300CEFE3B /* Release */,
			);
			defaultConfigurationIsVisible = 0;
			defaultConfigurationName = Release;
		};
		07F9D3B21AD3C89300CEFE3B /* Build configuration list for PBXNativeTarget "RecordTests" */ = {
			isa = XCConfigurationList;
			buildConfigurations = (
				07F9D3B31AD3C89300CEFE3B /* Debug */,
				07F9D3B41AD3C89300CEFE3B /* Release */,
			);
			defaultConfigurationIsVisible = 0;
			defaultConfigurationName = Release;
		};
/* End XCConfigurationList section */
	};
	rootObject = 07F9D3881AD3C89300CEFE3B /* Project object */;
}
